
Microsoft Visual Studio Solution File, Format Version 12.00
# Visual Studio Version 16
VisualStudioVersion = 16.0.30320.27
MinimumVisualStudioVersion = 10.0.40219.1
Project("{FAE04EC0-301F-11D3-BF4B-00C04F79EFBC}") = "ContactRegister", "ContactRegister\ContactRegister.csproj", "{0BBF044C-F4E5-4AA7-A0B2-C706BEA38AD9}"
EndProject
Global
	GlobalSection(SolutionConfigurationPlatforms) = preSolution
		Debug|Any CPU = Debug|Any CPU
		Release|Any CPU = Release|Any CPU
	EndGlobalSection
	GlobalSection(ProjectConfigurationPlatforms) = postSolution
		{0BBF044C-F4E5-4AA7-A0B2-C706BEA38AD9}.Debug|Any CPU.ActiveCfg = Debug|Any CPU
		{0BBF044C-F4E5-4AA7-A0B2-C706BEA38AD9}.Debug|Any CPU.Build.0 = Debug|Any CPU
		{0BBF044C-F4E5-4AA7-A0B2-C706BEA38AD9}.Release|Any CPU.ActiveCfg = Release|Any CPU
		{0BBF044C-F4E5-4AA7-A0B2-C706BEA38AD9}.Release|Any CPU.Build.0 = Release|Any CPU
	EndGlobalSection
	GlobalSection(SolutionProperties) = preSolution
		HideSolutionNode = FALSE
	EndGlobalSection
	GlobalSection(ExtensibilityGlobals) = postSolution
		SolutionGuid = {3751D613-160A-48A0-B649-67A7E56FE758}
	EndGlobalSection
EndGlobal
